
Microsoft Visual Studio Solution File, Format Version 11.00
# Visual Studio 2010
Project("{FAE04EC0-301F-11D3-BF4B-00C04F79EFBC}") = "iDrill.Web", "iDrill.Web\iDrill.Web.csproj", "{0D713E39-391E-4F7B-BC0E-149EF12EDF68}"
EndProject
Global
	GlobalSection(SolutionConfigurationPlatforms) = preSolution
		Debug|Any CPU = Debug|Any CPU
		Release|Any CPU = Release|Any CPU
	EndGlobalSection
	GlobalSection(ProjectConfigurationPlatforms) = postSolution
		{0D713E39-391E-4F7B-BC0E-149EF12EDF68}.Debug|Any CPU.ActiveCfg = Debug|Any CPU
		{0D713E39-391E-4F7B-BC0E-149EF12EDF68}.Debug|Any CPU.Build.0 = Debug|Any CPU
		{0D713E39-391E-4F7B-BC0E-149EF12EDF68}.Release|Any CPU.ActiveCfg = Release|Any CPU
		{0D713E39-391E-4F7B-BC0E-149EF12EDF68}.Release|Any CPU.Build.0 = Release|Any CPU
	EndGlobalSection
	GlobalSection(SolutionProperties) = preSolution
		HideSolutionNode = FALSE
	EndGlobalSection
EndGlobal
